
Microsoft Visual Studio Solution File, Format Version 12.00
# Visual Studio Version 17
VisualStudioVersion = 17.2.32616.157
MinimumVisualStudioVersion = 10.0.40219.1
Project("{FAE04EC0-301F-11D3-BF4B-00C04F79EFBC}") = "ConsoleAppSorteringAlgoritmer", "ConsoleAppSorteringAlgoritmer\ConsoleAppSorteringAlgoritmer.csproj", "{D5BF80CE-75E0-41DD-AC3A-56E169CE9A88}"
EndProject
Global
	GlobalSection(SolutionConfigurationPlatforms) = preSolution
		Debug|Any CPU = Debug|Any CPU
		Release|Any CPU = Release|Any CPU
	EndGlobalSection
	GlobalSection(ProjectConfigurationPlatforms) = postSolution
		{D5BF80CE-75E0-41DD-AC3A-56E169CE9A88}.Debug|Any CPU.ActiveCfg = Debug|Any CPU
		{D5BF80CE-75E0-41DD-AC3A-56E169CE9A88}.Debug|Any CPU.Build.0 = Debug|Any CPU
		{D5BF80CE-75E0-41DD-AC3A-56E169CE9A88}.Release|Any CPU.ActiveCfg = Release|Any CPU
		{D5BF80CE-75E0-41DD-AC3A-56E169CE9A88}.Release|Any CPU.Build.0 = Release|Any CPU
	EndGlobalSection
	GlobalSection(SolutionProperties) = preSolution
		HideSolutionNode = FALSE
	EndGlobalSection
	GlobalSection(ExtensibilityGlobals) = postSolution
		SolutionGuid = {6D97A5B6-7FE9-4434-ACF7-CE930AAA81ED}
	EndGlobalSection
EndGlobal
